
Microsoft Visual Studio Solution File, Format Version 12.00
# Visual Studio Version 17
VisualStudioVersion = 17.10.35004.147
MinimumVisualStudioVersion = 10.0.40219.1
Project("{FAE04EC0-301F-11D3-BF4B-00C04F79EFBC}") = "Paaing Data from Controller Through TempData", "Paaing Data from Controller Through TempData\Paaing Data from Controller Through TempData.csproj", "{C25FAF5F-8FDA-4EBB-BB6E-988282B264E1}"
EndProject
Global
	GlobalSection(SolutionConfigurationPlatforms) = preSolution
		Debug|Any CPU = Debug|Any CPU
		Release|Any CPU = Release|Any CPU
	EndGlobalSection
	GlobalSection(ProjectConfigurationPlatforms) = postSolution
		{C25FAF5F-8FDA-4EBB-BB6E-988282B264E1}.Debug|Any CPU.ActiveCfg = Debug|Any CPU
		{C25FAF5F-8FDA-4EBB-BB6E-988282B264E1}.Debug|Any CPU.Build.0 = Debug|Any CPU
		{C25FAF5F-8FDA-4EBB-BB6E-988282B264E1}.Release|Any CPU.ActiveCfg = Release|Any CPU
		{C25FAF5F-8FDA-4EBB-BB6E-988282B264E1}.Release|Any CPU.Build.0 = Release|Any CPU
	EndGlobalSection
	GlobalSection(SolutionProperties) = preSolution
		HideSolutionNode = FALSE
	EndGlobalSection
	GlobalSection(ExtensibilityGlobals) = postSolution
		SolutionGuid = {C7BBA1E5-E543-420F-8B8E-1534E5D0C98A}
	EndGlobalSection
EndGlobal
