
Microsoft Visual Studio Solution File, Format Version 12.00
# Visual Studio Version 17
VisualStudioVersion = 17.10.35004.147
MinimumVisualStudioVersion = 10.0.40219.1
Project("{FAE04EC0-301F-11D3-BF4B-00C04F79EFBC}") = "convention based routing", "convention based routing\convention based routing.csproj", "{5582EFFB-0EDD-4565-9347-335CA033F09B}"
EndProject
Global
	GlobalSection(SolutionConfigurationPlatforms) = preSolution
		Debug|Any CPU = Debug|Any CPU
		Release|Any CPU = Release|Any CPU
	EndGlobalSection
	GlobalSection(ProjectConfigurationPlatforms) = postSolution
		{5582EFFB-0EDD-4565-9347-335CA033F09B}.Debug|Any CPU.ActiveCfg = Debug|Any CPU
		{5582EFFB-0EDD-4565-9347-335CA033F09B}.Debug|Any CPU.Build.0 = Debug|Any CPU
		{5582EFFB-0EDD-4565-9347-335CA033F09B}.Release|Any CPU.ActiveCfg = Release|Any CPU
		{5582EFFB-0EDD-4565-9347-335CA033F09B}.Release|Any CPU.Build.0 = Release|Any CPU
	EndGlobalSection
	GlobalSection(SolutionProperties) = preSolution
		HideSolutionNode = FALSE
	EndGlobalSection
	GlobalSection(ExtensibilityGlobals) = postSolution
		SolutionGuid = {8ECBB2D8-6C06-47FB-8062-E83A95A35A99}
	EndGlobalSection
EndGlobal
