
Microsoft Visual Studio Solution File, Format Version 12.00
# Visual Studio Version 17
VisualStudioVersion = 17.10.35004.147
MinimumVisualStudioVersion = 10.0.40219.1
Project("{FAE04EC0-301F-11D3-BF4B-00C04F79EFBC}") = "Passing_Data_from_Controller_To_Viev", "Passing_Data_from_Controller_To_Viev\Passing_Data_from_Controller_To_Viev.csproj", "{B8922106-5E80-4179-88DC-A86099DA54F5}"
EndProject
Global
	GlobalSection(SolutionConfigurationPlatforms) = preSolution
		Debug|Any CPU = Debug|Any CPU
		Release|Any CPU = Release|Any CPU
	EndGlobalSection
	GlobalSection(ProjectConfigurationPlatforms) = postSolution
		{B8922106-5E80-4179-88DC-A86099DA54F5}.Debug|Any CPU.ActiveCfg = Debug|Any CPU
		{B8922106-5E80-4179-88DC-A86099DA54F5}.Debug|Any CPU.Build.0 = Debug|Any CPU
		{B8922106-5E80-4179-88DC-A86099DA54F5}.Release|Any CPU.ActiveCfg = Release|Any CPU
		{B8922106-5E80-4179-88DC-A86099DA54F5}.Release|Any CPU.Build.0 = Release|Any CPU
	EndGlobalSection
	GlobalSection(SolutionProperties) = preSolution
		HideSolutionNode = FALSE
	EndGlobalSection
	GlobalSection(ExtensibilityGlobals) = postSolution
		SolutionGuid = {DBC73342-9704-4B7B-9AD8-7523CC7F96B3}
	EndGlobalSection
EndGlobal
