
Microsoft Visual Studio Solution File, Format Version 12.00
# Visual Studio Version 17
VisualStudioVersion = 17.7.34202.233
MinimumVisualStudioVersion = 10.0.40219.1
Project("{FAE04EC0-301F-11D3-BF4B-00C04F79EFBC}") = "Controllers_And_ActionMethod", "Controllers_And_ActionMethod.csproj", "{727D5699-3521-4164-B798-4E8F61AFCA92}"
EndProject
Global
	GlobalSection(SolutionConfigurationPlatforms) = preSolution
		Debug|Any CPU = Debug|Any CPU
		Release|Any CPU = Release|Any CPU
	EndGlobalSection
	GlobalSection(ProjectConfigurationPlatforms) = postSolution
		{727D5699-3521-4164-B798-4E8F61AFCA92}.Debug|Any CPU.ActiveCfg = Debug|Any CPU
		{727D5699-3521-4164-B798-4E8F61AFCA92}.Debug|Any CPU.Build.0 = Debug|Any CPU
		{727D5699-3521-4164-B798-4E8F61AFCA92}.Release|Any CPU.ActiveCfg = Release|Any CPU
		{727D5699-3521-4164-B798-4E8F61AFCA92}.Release|Any CPU.Build.0 = Release|Any CPU
	EndGlobalSection
	GlobalSection(SolutionProperties) = preSolution
		HideSolutionNode = FALSE
	EndGlobalSection
	GlobalSection(ExtensibilityGlobals) = postSolution
		SolutionGuid = {AD6F7610-9D42-4C1D-A58C-2F78426F7945}
	EndGlobalSection
EndGlobal
